// !$*UTF8*$!
{
	archiveVersion = 1;
	classes = {
	};
	objectVersion = 73;
	objects = {

/* Begin PBXBuildFile section */
		9A0B7DC52C84698E001245B3 /* RealityKit.framework in Frameworks */ = {isa = PBXBuildFile; fileRef = 9A0B7DC42C84698E001245B3 /* RealityKit.framework */; };
		9A3CD41E2C8A1D9D00E8710C /* MovingLorenz.metal in Sources */ = {isa = PBXBuildFile; fileRef = 9A3CD41D2C8A1D9D00E8710C /* MovingLorenz.metal */; };
		9A3CD4232C8A1E9300E8710C /* MovingLorenzView.swift in Sources */ = {isa = PBXBuildFile; fileRef = 9A3CD4212C8A1DE300E8710C /* MovingLorenzView.swift */; };
		9A3CD4242C8BF34600E8710C /* MorphingSphereMetalView.swift in Sources */ = {isa = PBXBuildFile; fileRef = 9AA6C2BE2C72697400EAD6DE /* MorphingSphereMetalView.swift */; };
		9A3CD4252C8BF34A00E8710C /* MorphSphere.metal in Sources */ = {isa = PBXBuildFile; fileRef = 9AA6C2C02C7269A600EAD6DE /* MorphSphere.metal */; };
		9A7510B72C8784C600BB3FA1 /* AttractorView.swift in Sources */ = {isa = PBXBuildFile; fileRef = 9A7510B62C8784BE00BB3FA1 /* AttractorView.swift */; };
		9A75D3E32C71D16900D27E97 /* RealityKitContent in Frameworks */ = {isa = PBXBuildFile; productRef = 9A75D3E22C71D16900D27E97 /* RealityKitContent */; };
		9A75D3E52C71D16900D27E97 /* triangleApp.swift in Sources */ = {isa = PBXBuildFile; fileRef = 9A75D3E42C71D16900D27E97 /* triangleApp.swift */; };
		9A75D3E72C71D16900D27E97 /* ContentView.swift in Sources */ = {isa = PBXBuildFile; fileRef = 9A75D3E62C71D16900D27E97 /* ContentView.swift */; };
		9A75D3E92C71D16900D27E97 /* ImmersiveView.swift in Sources */ = {isa = PBXBuildFile; fileRef = 9A75D3E82C71D16900D27E97 /* ImmersiveView.swift */; };
		9A75D3EB2C71D16900D27E97 /* ImageBasedLighting.skybox in Resources */ = {isa = PBXBuildFile; fileRef = 9A75D3EA2C71D16900D27E97 /* ImageBasedLighting.skybox */; };
		9A75D3ED2C71D16B00D27E97 /* Assets.xcassets in Resources */ = {isa = PBXBuildFile; fileRef = 9A75D3EC2C71D16B00D27E97 /* Assets.xcassets */; };
		9A75D3F02C71D16B00D27E97 /* Preview Assets.xcassets in Resources */ = {isa = PBXBuildFile; fileRef = 9A75D3EF2C71D16B00D27E97 /* Preview Assets.xcassets */; };
		9A75D3FB2C71D16B00D27E97 /* triangleTests.swift in Sources */ = {isa = PBXBuildFile; fileRef = 9A75D3FA2C71D16B00D27E97 /* triangleTests.swift */; };
/* End PBXBuildFile section */

/* Begin PBXContainerItemProxy section */
		9A75D3F72C71D16B00D27E97 /* PBXContainerItemProxy */ = {
			isa = PBXContainerItemProxy;
			containerPortal = 9A75D3D52C71D16900D27E97 /* Project object */;
			proxyType = 1;
			remoteGlobalIDString = 9A75D3DC2C71D16900D27E97;
			remoteInfo = triangle;
		};
/* End PBXContainerItemProxy section */

/* Begin PBXFileReference section */
		9A0B7DC42C84698E001245B3 /* RealityKit.framework */ = {isa = PBXFileReference; lastKnownFileType = wrapper.framework; name = RealityKit.framework; path = System/Library/Frameworks/RealityKit.framework; sourceTree = SDKROOT; };
		9A3CD41D2C8A1D9D00E8710C /* MovingLorenz.metal */ = {isa = PBXFileReference; lastKnownFileType = sourcecode.metal; path = MovingLorenz.metal; sourceTree = "<group>"; };
		9A3CD4212C8A1DE300E8710C /* MovingLorenzView.swift */ = {isa = PBXFileReference; lastKnownFileType = sourcecode.swift; path = MovingLorenzView.swift; sourceTree = "<group>"; };
		9A7510B62C8784BE00BB3FA1 /* AttractorView.swift */ = {isa = PBXFileReference; lastKnownFileType = sourcecode.swift; path = AttractorView.swift; sourceTree = "<group>"; };
		9A75D3DD2C71D16900D27E97 /* triangle.app */ = {isa = PBXFileReference; explicitFileType = wrapper.application; includeInIndex = 0; path = triangle.app; sourceTree = BUILT_PRODUCTS_DIR; };
		9A75D3E12C71D16900D27E97 /* RealityKitContent */ = {isa = PBXFileReference; lastKnownFileType = wrapper; path = RealityKitContent; sourceTree = "<group>"; };
		9A75D3E42C71D16900D27E97 /* triangleApp.swift */ = {isa = PBXFileReference; lastKnownFileType = sourcecode.swift; path = triangleApp.swift; sourceTree = "<group>"; };
		9A75D3E62C71D16900D27E97 /* ContentView.swift */ = {isa = PBXFileReference; lastKnownFileType = sourcecode.swift; path = ContentView.swift; sourceTree = "<group>"; };
		9A75D3E82C71D16900D27E97 /* ImmersiveView.swift */ = {isa = PBXFileReference; lastKnownFileType = sourcecode.swift; path = ImmersiveView.swift; sourceTree = "<group>"; };
		9A75D3EA2C71D16900D27E97 /* ImageBasedLighting.skybox */ = {isa = PBXFileReference; lastKnownFileType = file.skybox; path = ImageBasedLighting.skybox; sourceTree = "<group>"; };
		9A75D3EC2C71D16B00D27E97 /* Assets.xcassets */ = {isa = PBXFileReference; lastKnownFileType = folder.assetcatalog; path = Assets.xcassets; sourceTree = "<group>"; };
		9A75D3EF2C71D16B00D27E97 /* Preview Assets.xcassets */ = {isa = PBXFileReference; lastKnownFileType = folder.assetcatalog; path = "Preview Assets.xcassets"; sourceTree = "<group>"; };
		9A75D3F12C71D16B00D27E97 /* Info.plist */ = {isa = PBXFileReference; lastKnownFileType = text.plist.xml; path = Info.plist; sourceTree = "<group>"; };
		9A75D3F62C71D16B00D27E97 /* triangleTests.xctest */ = {isa = PBXFileReference; explicitFileType = wrapper.cfbundle; includeInIndex = 0; path = triangleTests.xctest; sourceTree = BUILT_PRODUCTS_DIR; };
		9A75D3FA2C71D16B00D27E97 /* triangleTests.swift */ = {isa = PBXFileReference; lastKnownFileType = sourcecode.swift; path = triangleTests.swift; sourceTree = "<group>"; };
		9AA6C2BE2C72697400EAD6DE /* MorphingSphereMetalView.swift */ = {isa = PBXFileReference; lastKnownFileType = sourcecode.swift; path = MorphingSphereMetalView.swift; sourceTree = "<group>"; };
		9AA6C2C02C7269A600EAD6DE /* MorphSphere.metal */ = {isa = PBXFileReference; lastKnownFileType = sourcecode.metal; path = MorphSphere.metal; sourceTree = "<group>"; };
/* End PBXFileReference section */

/* Begin PBXFrameworksBuildPhase section */
		9A75D3DA2C71D16900D27E97 /* Frameworks */ = {
			isa = PBXFrameworksBuildPhase;
			buildActionMask = 2147483647;
			files = (
				9A0B7DC52C84698E001245B3 /* RealityKit.framework in Frameworks */,
				9A75D3E32C71D16900D27E97 /* RealityKitContent in Frameworks */,
			);
			runOnlyForDeploymentPostprocessing = 0;
		};
		9A75D3F32C71D16B00D27E97 /* Frameworks */ = {
			isa = PBXFrameworksBuildPhase;
			buildActionMask = 2147483647;
			files = (
			);
			runOnlyForDeploymentPostprocessing = 0;
		};
/* End PBXFrameworksBuildPhase section */

/* Begin PBXGroup section */
		9A0B7DC32C84698E001245B3 /* Frameworks */ = {
			isa = PBXGroup;
			children = (
				9A0B7DC42C84698E001245B3 /* RealityKit.framework */,
			);
			name = Frameworks;
			sourceTree = "<group>";
		};
		9A75D3D42C71D16900D27E97 = {
			isa = PBXGroup;
			children = (
				9A75D3DF2C71D16900D27E97 /* triangle */,
				9A75D3E02C71D16900D27E97 /* Packages */,
				9A75D3F92C71D16B00D27E97 /* triangleTests */,
				9A0B7DC32C84698E001245B3 /* Frameworks */,
				9A75D3DE2C71D16900D27E97 /* Products */,
			);
			sourceTree = "<group>";
		};
		9A75D3DE2C71D16900D27E97 /* Products */ = {
			isa = PBXGroup;
			children = (
				9A75D3DD2C71D16900D27E97 /* triangle.app */,
				9A75D3F62C71D16B00D27E97 /* triangleTests.xctest */,
			);
			name = Products;
			sourceTree = "<group>";
		};
		9A75D3DF2C71D16900D27E97 /* triangle */ = {
			isa = PBXGroup;
			children = (
				9A75D3EC2C71D16B00D27E97 /* Assets.xcassets */,
				9A7510B62C8784BE00BB3FA1 /* AttractorView.swift */,
				9A75D3E62C71D16900D27E97 /* ContentView.swift */,
				9A75D3EA2C71D16900D27E97 /* ImageBasedLighting.skybox */,
				9A75D3E82C71D16900D27E97 /* ImmersiveView.swift */,
				9A75D3F12C71D16B00D27E97 /* Info.plist */,
				9AA6C2BE2C72697400EAD6DE /* MorphingSphereMetalView.swift */,
				9AA6C2C02C7269A600EAD6DE /* MorphSphere.metal */,
				9A3CD41D2C8A1D9D00E8710C /* MovingLorenz.metal */,
				9A3CD4212C8A1DE300E8710C /* MovingLorenzView.swift */,
				9A75D3EE2C71D16B00D27E97 /* Preview Content */,
				9A75D3E42C71D16900D27E97 /* triangleApp.swift */,
			);
			path = triangle;
			sourceTree = "<group>";
		};
		9A75D3E02C71D16900D27E97 /* Packages */ = {
			isa = PBXGroup;
			children = (
				9A75D3E12C71D16900D27E97 /* RealityKitContent */,
			);
			path = Packages;
			sourceTree = "<group>";
		};
		9A75D3EE2C71D16B00D27E97 /* Preview Content */ = {
			isa = PBXGroup;
			children = (
				9A75D3EF2C71D16B00D27E97 /* Preview Assets.xcassets */,
			);
			path = "Preview Content";
			sourceTree = "<group>";
		};
		9A75D3F92C71D16B00D27E97 /* triangleTests */ = {
			isa = PBXGroup;
			children = (
				9A75D3FA2C71D16B00D27E97 /* triangleTests.swift */,
			);
			path = triangleTests;
			sourceTree = "<group>";
		};
/* End PBXGroup section */

/* Begin PBXNativeTarget section */
		9A75D3DC2C71D16900D27E97 /* triangle */ = {
			isa = PBXNativeTarget;
			buildConfigurationList = 9A75D3FE2C71D16B00D27E97 /* Build configuration list for PBXNativeTarget "triangle" */;
			buildPhases = (
				9A75D3D92C71D16900D27E97 /* Sources */,
				9A75D3DA2C71D16900D27E97 /* Frameworks */,
				9A75D3DB2C71D16900D27E97 /* Resources */,
			);
			buildRules = (
			);
			dependencies = (
			);
			name = triangle;
			packageProductDependencies = (
				9A75D3E22C71D16900D27E97 /* RealityKitContent */,
			);
			productName = triangle;
			productReference = 9A75D3DD2C71D16900D27E97 /* triangle.app */;
			productType = "com.apple.product-type.application";
		};
		9A75D3F52C71D16B00D27E97 /* triangleTests */ = {
			isa = PBXNativeTarget;
			buildConfigurationList = 9A75D4012C71D16B00D27E97 /* Build configuration list for PBXNativeTarget "triangleTests" */;
			buildPhases = (
				9A75D3F22C71D16B00D27E97 /* Sources */,
				9A75D3F32C71D16B00D27E97 /* Frameworks */,
				9A75D3F42C71D16B00D27E97 /* Resources */,
			);
			buildRules = (
			);
			dependencies = (
				9A75D3F82C71D16B00D27E97 /* PBXTargetDependency */,
			);
			name = triangleTests;
			productName = triangleTests;
			productReference = 9A75D3F62C71D16B00D27E97 /* triangleTests.xctest */;
			productType = "com.apple.product-type.bundle.unit-test";
		};
/* End PBXNativeTarget section */

/* Begin PBXProject section */
		9A75D3D52C71D16900D27E97 /* Project object */ = {
			isa = PBXProject;
			attributes = {
				BuildIndependentTargetsInParallel = YES;
				LastSwiftUpdateCheck = 1540;
				LastUpgradeCheck = 1610;
				ORGANIZATIONNAME = "";
				TargetAttributes = {
					9A75D3DC2C71D16900D27E97 = {
						CreatedOnToolsVersion = 15.4;
					};
					9A75D3F52C71D16B00D27E97 = {
						CreatedOnToolsVersion = 15.4;
						TestTargetID = 9A75D3DC2C71D16900D27E97;
					};
				};
			};
			buildConfigurationList = 9A75D3D82C71D16900D27E97 /* Build configuration list for PBXProject "triangle" */;
			developmentRegion = en;
			hasScannedForEncodings = 0;
			knownRegions = (
				en,
				Base,
			);
			mainGroup = 9A75D3D42C71D16900D27E97;
			preferredProjectObjectVersion = 73;
			productRefGroup = 9A75D3DE2C71D16900D27E97 /* Products */;
			projectDirPath = "";
			projectRoot = "";
			targets = (
				9A75D3DC2C71D16900D27E97 /* triangle */,
				9A75D3F52C71D16B00D27E97 /* triangleTests */,
			);
		};
/* End PBXProject section */

/* Begin PBXResourcesBuildPhase section */
		9A75D3DB2C71D16900D27E97 /* Resources */ = {
			isa = PBXResourcesBuildPhase;
			buildActionMask = 2147483647;
			files = (
				9A75D3ED2C71D16B00D27E97 /* Assets.xcassets in Resources */,
				9A75D3F02C71D16B00D27E97 /* Preview Assets.xcassets in Resources */,
				9A75D3EB2C71D16900D27E97 /* ImageBasedLighting.skybox in Resources */,
			);
			runOnlyForDeploymentPostprocessing = 0;
		};
		9A75D3F42C71D16B00D27E97 /* Resources */ = {
			isa = PBXResourcesBuildPhase;
			buildActionMask = 2147483647;
			files = (
			);
			runOnlyForDeploymentPostprocessing = 0;
		};
/* End PBXResourcesBuildPhase section */

/* Begin PBXSourcesBuildPhase section */
		9A75D3D92C71D16900D27E97 /* Sources */ = {
			isa = PBXSourcesBuildPhase;
			buildActionMask = 2147483647;
			files = (
				9A3CD4252C8BF34A00E8710C /* MorphSphere.metal in Sources */,
				9A3CD4242C8BF34600E8710C /* MorphingSphereMetalView.swift in Sources */,
				9A3CD4232C8A1E9300E8710C /* MovingLorenzView.swift in Sources */,
				9A75D3E72C71D16900D27E97 /* ContentView.swift in Sources */,
				9A3CD41E2C8A1D9D00E8710C /* MovingLorenz.metal in Sources */,
				9A7510B72C8784C600BB3FA1 /* AttractorView.swift in Sources */,
				9A75D3E52C71D16900D27E97 /* triangleApp.swift in Sources */,
				9A75D3E92C71D16900D27E97 /* ImmersiveView.swift in Sources */,
			);
			runOnlyForDeploymentPostprocessing = 0;
		};
		9A75D3F22C71D16B00D27E97 /* Sources */ = {
			isa = PBXSourcesBuildPhase;
			buildActionMask = 2147483647;
			files = (
				9A75D3FB2C71D16B00D27E97 /* triangleTests.swift in Sources */,
			);
			runOnlyForDeploymentPostprocessing = 0;
		};
/* End PBXSourcesBuildPhase section */

/* Begin PBXTargetDependency section */
		9A75D3F82C71D16B00D27E97 /* PBXTargetDependency */ = {
			isa = PBXTargetDependency;
			target = 9A75D3DC2C71D16900D27E97 /* triangle */;
			targetProxy = 9A75D3F72C71D16B00D27E97 /* PBXContainerItemProxy */;
		};
/* End PBXTargetDependency section */

/* Begin XCBuildConfiguration section */
		9A75D3FC2C71D16B00D27E97 /* Debug */ = {
			isa = XCBuildConfiguration;
			buildSettings = {
				ALWAYS_SEARCH_USER_PATHS = NO;
				ASSETCATALOG_COMPILER_GENERATE_SWIFT_ASSET_SYMBOL_EXTENSIONS = YES;
				CLANG_ANALYZER_NONNULL = YES;
				CLANG_ANALYZER_NUMBER_OBJECT_CONVERSION = YES_AGGRESSIVE;
				CLANG_CXX_LANGUAGE_STANDARD = "gnu++20";
				CLANG_ENABLE_MODULES = YES;
				CLANG_ENABLE_OBJC_ARC = YES;
				CLANG_ENABLE_OBJC_WEAK = YES;
				CLANG_WARN_BLOCK_CAPTURE_AUTORELEASING = YES;
				CLANG_WARN_BOOL_CONVERSION = YES;
				CLANG_WARN_COMMA = YES;
				CLANG_WARN_CONSTANT_CONVERSION = YES;
				CLANG_WARN_DEPRECATED_OBJC_IMPLEMENTATIONS = YES;
				CLANG_WARN_DIRECT_OBJC_ISA_USAGE = YES_ERROR;
				CLANG_WARN_DOCUMENTATION_COMMENTS = YES;
				CLANG_WARN_EMPTY_BODY = YES;
				CLANG_WARN_ENUM_CONVERSION = YES;
				CLANG_WARN_INFINITE_RECURSION = YES;
				CLANG_WARN_INT_CONVERSION = YES;
				CLANG_WARN_NON_LITERAL_NULL_CONVERSION = YES;
				CLANG_WARN_OBJC_IMPLICIT_RETAIN_SELF = YES;
				CLANG_WARN_OBJC_LITERAL_CONVERSION = YES;
				CLANG_WARN_OBJC_ROOT_CLASS = YES_ERROR;
				CLANG_WARN_QUOTED_INCLUDE_IN_FRAMEWORK_HEADER = YES;
				CLANG_WARN_RANGE_LOOP_ANALYSIS = YES;
				CLANG_WARN_STRICT_PROTOTYPES = YES;
				CLANG_WARN_SUSPICIOUS_MOVE = YES;
				CLANG_WARN_UNGUARDED_AVAILABILITY = YES_AGGRESSIVE;
				CLANG_WARN_UNREACHABLE_CODE = YES;
				CLANG_WARN__DUPLICATE_METHOD_MATCH = YES;
				COPY_PHASE_STRIP = NO;
				DEBUG_INFORMATION_FORMAT = dwarf;
				ENABLE_STRICT_OBJC_MSGSEND = YES;
				ENABLE_TESTABILITY = YES;
				ENABLE_USER_SCRIPT_SANDBOXING = YES;
				GCC_C_LANGUAGE_STANDARD = gnu17;
				GCC_DYNAMIC_NO_PIC = NO;
				GCC_NO_COMMON_BLOCKS = YES;
				GCC_OPTIMIZATION_LEVEL = 0;
				GCC_PREPROCESSOR_DEFINITIONS = (
					"DEBUG=1",
					"$(inherited)",
				);
				GCC_WARN_64_TO_32_BIT_CONVERSION = YES;
				GCC_WARN_ABOUT_RETURN_TYPE = YES_ERROR;
				GCC_WARN_UNDECLARED_SELECTOR = YES;
				GCC_WARN_UNINITIALIZED_AUTOS = YES_AGGRESSIVE;
				GCC_WARN_UNUSED_FUNCTION = YES;
				GCC_WARN_UNUSED_VARIABLE = YES;
				LOCALIZATION_PREFERS_STRING_CATALOGS = YES;
				MTL_ENABLE_DEBUG_INFO = INCLUDE_SOURCE;
				MTL_FAST_MATH = YES;
				ONLY_ACTIVE_ARCH = YES;
				SDKROOT = xros;
				SWIFT_ACTIVE_COMPILATION_CONDITIONS = "DEBUG $(inherited)";
				SWIFT_OPTIMIZATION_LEVEL = "-Onone";
				XROS_DEPLOYMENT_TARGET = 2.0;
			};
			name = Debug;
		};
		9A75D3FD2C71D16B00D27E97 /* Release */ = {
			isa = XCBuildConfiguration;
			buildSettings = {
				ALWAYS_SEARCH_USER_PATHS = NO;
				ASSETCATALOG_COMPILER_GENERATE_SWIFT_ASSET_SYMBOL_EXTENSIONS = YES;
				CLANG_ANALYZER_NONNULL = YES;
				CLANG_ANALYZER_NUMBER_OBJECT_CONVERSION = YES_AGGRESSIVE;
				CLANG_CXX_LANGUAGE_STANDARD = "gnu++20";
				CLANG_ENABLE_MODULES = YES;
				CLANG_ENABLE_OBJC_ARC = YES;
				CLANG_ENABLE_OBJC_WEAK = YES;
				CLANG_WARN_BLOCK_CAPTURE_AUTORELEASING = YES;
				CLANG_WARN_BOOL_CONVERSION = YES;
				CLANG_WARN_COMMA = YES;
				CLANG_WARN_CONSTANT_CONVERSION = YES;
				CLANG_WARN_DEPRECATED_OBJC_IMPLEMENTATIONS = YES;
				CLANG_WARN_DIRECT_OBJC_ISA_USAGE = YES_ERROR;
				CLANG_WARN_DOCUMENTATION_COMMENTS = YES;
				CLANG_WARN_EMPTY_BODY = YES;
				CLANG_WARN_ENUM_CONVERSION = YES;
				CLANG_WARN_INFINITE_RECURSION = YES;
				CLANG_WARN_INT_CONVERSION = YES;
				CLANG_WARN_NON_LITERAL_NULL_CONVERSION = YES;
				CLANG_WARN_OBJC_IMPLICIT_RETAIN_SELF = YES;
				CLANG_WARN_OBJC_LITERAL_CONVERSION = YES;
				CLANG_WARN_OBJC_ROOT_CLASS = YES_ERROR;
				CLANG_WARN_QUOTED_INCLUDE_IN_FRAMEWORK_HEADER = YES;
				CLANG_WARN_RANGE_LOOP_ANALYSIS = YES;
				CLANG_WARN_STRICT_PROTOTYPES = YES;
				CLANG_WARN_SUSPICIOUS_MOVE = YES;
				CLANG_WARN_UNGUARDED_AVAILABILITY = YES_AGGRESSIVE;
				CLANG_WARN_UNREACHABLE_CODE = YES;
				CLANG_WARN__DUPLICATE_METHOD_MATCH = YES;
				COPY_PHASE_STRIP = NO;
				DEBUG_INFORMATION_FORMAT = "dwarf-with-dsym";
				ENABLE_NS_ASSERTIONS = NO;
				ENABLE_STRICT_OBJC_MSGSEND = YES;
				ENABLE_USER_SCRIPT_SANDBOXING = YES;
				GCC_C_LANGUAGE_STANDARD = gnu17;
				GCC_NO_COMMON_BLOCKS = YES;
				GCC_WARN_64_TO_32_BIT_CONVERSION = YES;
				GCC_WARN_ABOUT_RETURN_TYPE = YES_ERROR;
				GCC_WARN_UNDECLARED_SELECTOR = YES;
				GCC_WARN_UNINITIALIZED_AUTOS = YES_AGGRESSIVE;
				GCC_WARN_UNUSED_FUNCTION = YES;
				GCC_WARN_UNUSED_VARIABLE = YES;
				LOCALIZATION_PREFERS_STRING_CATALOGS = YES;
				MTL_ENABLE_DEBUG_INFO = NO;
				MTL_FAST_MATH = YES;
				SDKROOT = xros;
				SWIFT_COMPILATION_MODE = wholemodule;
				VALIDATE_PRODUCT = YES;
				XROS_DEPLOYMENT_TARGET = 2.0;
			};
			name = Release;
		};
		9A75D3FF2C71D16B00D27E97 /* Debug */ = {
			isa = XCBuildConfiguration;
			buildSettings = {
				ASSETCATALOG_COMPILER_APPICON_NAME = AppIcon;
				ASSETCATALOG_COMPILER_GLOBAL_ACCENT_COLOR_NAME = AccentColor;
				CODE_SIGN_IDENTITY = "Apple Development";
				CODE_SIGN_STYLE = Automatic;
				CURRENT_PROJECT_VERSION = 1;
				DEVELOPMENT_ASSET_PATHS = "\"triangle/Preview Content\"";
				DEVELOPMENT_TEAM = 29T757U3Y2;
				ENABLE_PREVIEWS = YES;
				GENERATE_INFOPLIST_FILE = YES;
				INFOPLIST_FILE = "$(TARGET_NAME)/Info.plist";
				INFOPLIST_KEY_CFBundleDisplayName = ImmersiveAttractor;
				LD_RUNPATH_SEARCH_PATHS = (
					"$(inherited)",
					"@executable_path/Frameworks",
				);
				MARKETING_VERSION = 1.0;
				ONLY_ACTIVE_ARCH = YES;
				PRODUCT_BUNDLE_IDENTIFIER = com.jiyinyiyong.ImmersiveAttractor;
				PRODUCT_NAME = "$(TARGET_NAME)";
				PROVISIONING_PROFILE_SPECIFIER = "";
				SUPPORTED_PLATFORMS = "xros xrsimulator";
				SWIFT_EMIT_LOC_STRINGS = YES;
				SWIFT_VERSION = 6.0;
				TARGETED_DEVICE_FAMILY = "1,2,7";
				XROS_DEPLOYMENT_TARGET = 2.0;
			};
			name = Debug;
		};
		9A75D4002C71D16B00D27E97 /* Release */ = {
			isa = XCBuildConfiguration;
			buildSettings = {
				ASSETCATALOG_COMPILER_APPICON_NAME = AppIcon;
				ASSETCATALOG_COMPILER_GLOBAL_ACCENT_COLOR_NAME = AccentColor;
				CODE_SIGN_IDENTITY = "Apple Development";
				CODE_SIGN_STYLE = Automatic;
				CURRENT_PROJECT_VERSION = 1;
				DEVELOPMENT_ASSET_PATHS = "\"triangle/Preview Content\"";
				DEVELOPMENT_TEAM = 29T757U3Y2;
				ENABLE_PREVIEWS = YES;
				GENERATE_INFOPLIST_FILE = YES;
				INFOPLIST_FILE = "$(TARGET_NAME)/Info.plist";
				INFOPLIST_KEY_CFBundleDisplayName = ImmersiveAttractor;
				LD_RUNPATH_SEARCH_PATHS = (
					"$(inherited)",
					"@executable_path/Frameworks",
				);
				MARKETING_VERSION = 1.0;
				ONLY_ACTIVE_ARCH = NO;
				PRODUCT_BUNDLE_IDENTIFIER = com.jiyinyiyong.ImmersiveAttractor;
				PRODUCT_NAME = "$(TARGET_NAME)";
				PROVISIONING_PROFILE_SPECIFIER = "";
				SUPPORTED_PLATFORMS = "xros xrsimulator";
				SWIFT_EMIT_LOC_STRINGS = YES;
				SWIFT_VERSION = 6.0;
				TARGETED_DEVICE_FAMILY = "1,2,7";
				XROS_DEPLOYMENT_TARGET = 2.0;
			};
			name = Release;
		};
		9A75D4022C71D16B00D27E97 /* Debug */ = {
			isa = XCBuildConfiguration;
			buildSettings = {
				BUNDLE_LOADER = "$(TEST_HOST)";
				CODE_SIGN_STYLE = Automatic;
				CURRENT_PROJECT_VERSION = 1;
				GENERATE_INFOPLIST_FILE = YES;
				MARKETING_VERSION = 1.0;
				PRODUCT_BUNDLE_IDENTIFIER = com.cirru.triangleTests;
				PRODUCT_NAME = "$(TARGET_NAME)";
				SUPPORTED_PLATFORMS = "xros xrsimulator";
				SWIFT_EMIT_LOC_STRINGS = NO;
				SWIFT_VERSION = 5.0;
				TARGETED_DEVICE_FAMILY = "1,2,7";
				TEST_HOST = "$(BUILT_PRODUCTS_DIR)/triangle.app/$(BUNDLE_EXECUTABLE_FOLDER_PATH)/triangle";
				XROS_DEPLOYMENT_TARGET = 1.2;
			};
			name = Debug;
		};
		9A75D4032C71D16B00D27E97 /* Release */ = {
			isa = XCBuildConfiguration;
			buildSettings = {
				BUNDLE_LOADER = "$(TEST_HOST)";
				CODE_SIGN_STYLE = Automatic;
				CURRENT_PROJECT_VERSION = 1;
				GENERATE_INFOPLIST_FILE = YES;
				MARKETING_VERSION = 1.0;
				PRODUCT_BUNDLE_IDENTIFIER = com.cirru.triangleTests;
				PRODUCT_NAME = "$(TARGET_NAME)";
				SUPPORTED_PLATFORMS = "xros xrsimulator";
				SWIFT_EMIT_LOC_STRINGS = NO;
				SWIFT_VERSION = 5.0;
				TARGETED_DEVICE_FAMILY = "1,2,7";
				TEST_HOST = "$(BUILT_PRODUCTS_DIR)/triangle.app/$(BUNDLE_EXECUTABLE_FOLDER_PATH)/triangle";
				XROS_DEPLOYMENT_TARGET = 1.2;
			};
			name = Release;
		};
/* End XCBuildConfiguration section */

/* Begin XCConfigurationList section */
		9A75D3D82C71D16900D27E97 /* Build configuration list for PBXProject "triangle" */ = {
			isa = XCConfigurationList;
			buildConfigurations = (
				9A75D3FC2C71D16B00D27E97 /* Debug */,
				9A75D3FD2C71D16B00D27E97 /* Release */,
			);
			defaultConfigurationIsVisible = 0;
			defaultConfigurationName = Debug;
		};
		9A75D3FE2C71D16B00D27E97 /* Build configuration list for PBXNativeTarget "triangle" */ = {
			isa = XCConfigurationList;
			buildConfigurations = (
				9A75D3FF2C71D16B00D27E97 /* Debug */,
				9A75D4002C71D16B00D27E97 /* Release */,
			);
			defaultConfigurationIsVisible = 0;
			defaultConfigurationName = Debug;
		};
		9A75D4012C71D16B00D27E97 /* Build configuration list for PBXNativeTarget "triangleTests" */ = {
			isa = XCConfigurationList;
			buildConfigurations = (
				9A75D4022C71D16B00D27E97 /* Debug */,
				9A75D4032C71D16B00D27E97 /* Release */,
			);
			defaultConfigurationIsVisible = 0;
			defaultConfigurationName = Debug;
		};
/* End XCConfigurationList section */

/* Begin XCSwiftPackageProductDependency section */
		9A75D3E22C71D16900D27E97 /* RealityKitContent */ = {
			isa = XCSwiftPackageProductDependency;
			productName = RealityKitContent;
		};
/* End XCSwiftPackageProductDependency section */
	};
	rootObject = 9A75D3D52C71D16900D27E97 /* Project object */;
}
